
Microsoft Visual Studio Solution File, Format Version 12.00
# Visual Studio 2012
Project("{FAE04EC0-301F-11D3-BF4B-00C04F79EFBC}") = "ZTD.Client", "ZTD.Client\ZTD.Client.csproj", "{2238AA1A-003C-4FEA-93CD-67F264C8A37F}"
EndProject
Project("{FAE04EC0-301F-11D3-BF4B-00C04F79EFBC}") = "ZTD.Common", "ZTD.Common\ZTD.Common.csproj", "{76D3BC28-0828-4217-B1A3-D907D3588619}"
EndProject
Project("{FAE04EC0-301F-11D3-BF4B-00C04F79EFBC}") = "ZTD.Server", "ZTD.Server\ZTD.Server.csproj", "{6B56850A-062A-4C49-8A9D-CA6B72CAF7B7}"
EndProject
Project("{E24C65DC-7377-472B-9ABA-BC803B73C61A}") = "ZTD.Output", "http://localhost:58462", "{62C14034-A0FE-454E-9996-333B6E4CCF6F}"
	ProjectSection(WebsiteProperties) = preProject
		UseIISExpress = "true"
		TargetFrameworkMoniker = ".NETFramework,Version%3Dv4.5"
		Debug.AspNetCompiler.VirtualPath = "/localhost_58462"
		Debug.AspNetCompiler.PhysicalPath = "ZTD.Output\"
		Debug.AspNetCompiler.TargetPath = "PrecompiledWeb\localhost_58462\"
		Debug.AspNetCompiler.Updateable = "true"
		Debug.AspNetCompiler.ForceOverwrite = "true"
		Debug.AspNetCompiler.FixedNames = "false"
		Debug.AspNetCompiler.Debug = "True"
		Release.AspNetCompiler.VirtualPath = "/localhost_58462"
		Release.AspNetCompiler.PhysicalPath = "ZTD.Output\"
		Release.AspNetCompiler.TargetPath = "PrecompiledWeb\localhost_58462\"
		Release.AspNetCompiler.Updateable = "true"
		Release.AspNetCompiler.ForceOverwrite = "true"
		Release.AspNetCompiler.FixedNames = "false"
		Release.AspNetCompiler.Debug = "False"
		SlnRelativePath = "ZTD.Output\"
		DefaultWebSiteLanguage = "Visual C#"
	EndProjectSection
EndProject
Project("{2150E333-8FDC-42A3-9474-1A3956D46DE8}") = "Libraries", "Libraries", "{C68D04FB-2E73-49F6-BE75-023782F1C229}"
EndProject
Project("{FAE04EC0-301F-11D3-BF4B-00C04F79EFBC}") = "AngularJS", "Libraries\AngularJS\AngularJS.csproj", "{815CC797-F742-4C48-8C98-BD7DE050D95A}"
EndProject
Project("{FAE04EC0-301F-11D3-BF4B-00C04F79EFBC}") = "NodeLibraries", "Libraries\NodeLibraries\NodeLibraries.csproj", "{06E82003-D11E-4482-9DC8-9AD109B537A0}"
EndProject
Project("{FAE04EC0-301F-11D3-BF4B-00C04F79EFBC}") = "WebLibraries", "Libraries\WebLibraries\WebLibraries.csproj", "{BBF1829B-3446-4C0D-A75A-9BC713D2A6A1}"
EndProject
Project("{FAE04EC0-301F-11D3-BF4B-00C04F79EFBC}") = "Common", "Common\Common.csproj", "{758BFBA8-9F72-48AC-A73F-23E7A8D8C29F}"
EndProject
Global
	GlobalSection(SolutionConfigurationPlatforms) = preSolution
		Debug|Any CPU = Debug|Any CPU
		Release|Any CPU = Release|Any CPU
	EndGlobalSection
	GlobalSection(ProjectConfigurationPlatforms) = postSolution
		{2238AA1A-003C-4FEA-93CD-67F264C8A37F}.Debug|Any CPU.ActiveCfg = Debug|Any CPU
		{2238AA1A-003C-4FEA-93CD-67F264C8A37F}.Debug|Any CPU.Build.0 = Debug|Any CPU
		{2238AA1A-003C-4FEA-93CD-67F264C8A37F}.Release|Any CPU.ActiveCfg = Release|Any CPU
		{2238AA1A-003C-4FEA-93CD-67F264C8A37F}.Release|Any CPU.Build.0 = Release|Any CPU
		{76D3BC28-0828-4217-B1A3-D907D3588619}.Debug|Any CPU.ActiveCfg = Debug|Any CPU
		{76D3BC28-0828-4217-B1A3-D907D3588619}.Debug|Any CPU.Build.0 = Debug|Any CPU
		{76D3BC28-0828-4217-B1A3-D907D3588619}.Release|Any CPU.ActiveCfg = Release|Any CPU
		{76D3BC28-0828-4217-B1A3-D907D3588619}.Release|Any CPU.Build.0 = Release|Any CPU
		{6B56850A-062A-4C49-8A9D-CA6B72CAF7B7}.Debug|Any CPU.ActiveCfg = Debug|Any CPU
		{6B56850A-062A-4C49-8A9D-CA6B72CAF7B7}.Debug|Any CPU.Build.0 = Debug|Any CPU
		{6B56850A-062A-4C49-8A9D-CA6B72CAF7B7}.Release|Any CPU.ActiveCfg = Release|Any CPU
		{6B56850A-062A-4C49-8A9D-CA6B72CAF7B7}.Release|Any CPU.Build.0 = Release|Any CPU
		{62C14034-A0FE-454E-9996-333B6E4CCF6F}.Debug|Any CPU.ActiveCfg = Debug|Any CPU
		{62C14034-A0FE-454E-9996-333B6E4CCF6F}.Release|Any CPU.ActiveCfg = Debug|Any CPU
		{62C14034-A0FE-454E-9996-333B6E4CCF6F}.Release|Any CPU.Build.0 = Debug|Any CPU
		{815CC797-F742-4C48-8C98-BD7DE050D95A}.Debug|Any CPU.ActiveCfg = Debug|Any CPU
		{815CC797-F742-4C48-8C98-BD7DE050D95A}.Debug|Any CPU.Build.0 = Debug|Any CPU
		{815CC797-F742-4C48-8C98-BD7DE050D95A}.Release|Any CPU.ActiveCfg = Release|Any CPU
		{815CC797-F742-4C48-8C98-BD7DE050D95A}.Release|Any CPU.Build.0 = Release|Any CPU
		{06E82003-D11E-4482-9DC8-9AD109B537A0}.Debug|Any CPU.ActiveCfg = Debug|Any CPU
		{06E82003-D11E-4482-9DC8-9AD109B537A0}.Debug|Any CPU.Build.0 = Debug|Any CPU
		{06E82003-D11E-4482-9DC8-9AD109B537A0}.Release|Any CPU.ActiveCfg = Release|Any CPU
		{06E82003-D11E-4482-9DC8-9AD109B537A0}.Release|Any CPU.Build.0 = Release|Any CPU
		{BBF1829B-3446-4C0D-A75A-9BC713D2A6A1}.Debug|Any CPU.ActiveCfg = Debug|Any CPU
		{BBF1829B-3446-4C0D-A75A-9BC713D2A6A1}.Debug|Any CPU.Build.0 = Debug|Any CPU
		{BBF1829B-3446-4C0D-A75A-9BC713D2A6A1}.Release|Any CPU.ActiveCfg = Release|Any CPU
		{BBF1829B-3446-4C0D-A75A-9BC713D2A6A1}.Release|Any CPU.Build.0 = Release|Any CPU
		{758BFBA8-9F72-48AC-A73F-23E7A8D8C29F}.Debug|Any CPU.ActiveCfg = Debug|Any CPU
		{758BFBA8-9F72-48AC-A73F-23E7A8D8C29F}.Debug|Any CPU.Build.0 = Debug|Any CPU
		{758BFBA8-9F72-48AC-A73F-23E7A8D8C29F}.Release|Any CPU.ActiveCfg = Release|Any CPU
		{758BFBA8-9F72-48AC-A73F-23E7A8D8C29F}.Release|Any CPU.Build.0 = Release|Any CPU
	EndGlobalSection
	GlobalSection(SolutionProperties) = preSolution
		HideSolutionNode = FALSE
	EndGlobalSection
	GlobalSection(NestedProjects) = preSolution
		{815CC797-F742-4C48-8C98-BD7DE050D95A} = {C68D04FB-2E73-49F6-BE75-023782F1C229}
		{06E82003-D11E-4482-9DC8-9AD109B537A0} = {C68D04FB-2E73-49F6-BE75-023782F1C229}
		{BBF1829B-3446-4C0D-A75A-9BC713D2A6A1} = {C68D04FB-2E73-49F6-BE75-023782F1C229}
	EndGlobalSection
EndGlobal
